# This file is generated by running "yarn install" inside your project.
# Manual changes might be lost - proceed with caution!

__metadata:
  version: 5
  cacheKey: 8

"@upstatement/prettier-config@npm:^0.3.0":
  version: 0.3.0
  resolution: "@upstatement/prettier-config@npm:0.3.0"
  dependencies:
    prettier: ^1.x.x
  checksum: 0374ae39e7e9ab9209f262657837c73870fde1117009dd054c4febb4c3b5bd7f42ef3a61c4d60b1ce4e10453b3da16195eadba99eb06f05daede3f5ae9e49225
  languageName: node
  linkType: hard

"growly@npm:^1.3.0":
  version: 1.3.0
  resolution: "growly@npm:1.3.0"
  checksum: 53cdecd4c16d7d9154a9061a9ccb87d602e957502ca69b529d7d1b2436c2c0b700ec544fc6b3e4cd115d59b81e62e44ce86bd0521403b579d3a2a97d7ce72a44
  languageName: node
  linkType: hard

"is-docker@npm:^2.0.0":
  version: 2.1.1
  resolution: "is-docker@npm:2.1.1"
  bin:
    is-docker: cli.js
  checksum: dfa7338b446c13807590f9bd7408a09fd9ef49bc977b94408723c0857b3ba0d49f20b48e23f0d426d6914b52c38066672105f19eb3c970c5f2a25a39275afb64
  languageName: node
  linkType: hard

"is-wsl@npm:^2.2.0":
  version: 2.2.0
  resolution: "is-wsl@npm:2.2.0"
  dependencies:
    is-docker: ^2.0.0
  checksum: 20849846ae414997d290b75e16868e5261e86ff5047f104027026fd61d8b5a9b0b3ade16239f35e1a067b3c7cc02f70183cb661010ed16f4b6c7c93dad1b19d8
  languageName: node
  linkType: hard

"isexe@npm:^2.0.0":
  version: 2.0.0
  resolution: "isexe@npm:2.0.0"
  checksum: 26bf6c5480dda5161c820c5b5c751ae1e766c587b1f951ea3fcfc973bafb7831ae5b54a31a69bd670220e42e99ec154475025a468eae58ea262f813fdc8d1c62
  languageName: node
  linkType: hard

"lru-cache@npm:^6.0.0":
  version: 6.0.0
  resolution: "lru-cache@npm:6.0.0"
  dependencies:
    yallist: ^4.0.0
  checksum: f97f499f898f23e4585742138a22f22526254fdba6d75d41a1c2526b3b6cc5747ef59c5612ba7375f42aca4f8461950e925ba08c991ead0651b4918b7c978297
  languageName: node
  linkType: hard

"node-notifier@npm:^8.0.1":
  version: 8.0.1
  resolution: "node-notifier@npm:8.0.1"
  dependencies:
    growly: ^1.3.0
    is-wsl: ^2.2.0
    semver: ^7.3.2
    shellwords: ^0.1.1
    uuid: ^8.3.0
    which: ^2.0.2
  checksum: b84f24060f9f968c6141fcd16d22125caa42eb048fa5867f63e3411384a0bbc22b82d1a64e242ee9a557aaf6a0542a562713c4467f648dbcffea15d6da08f750
  languageName: node
  linkType: hard

"object-path@npm:^0.11.5":
  version: 0.11.8
  resolution: "object-path@npm:0.11.8"
  checksum: 684ccf0fb6b82f067dc81e2763481606692b8485bec03eb2a64e086a44dbea122b2b9ef44423a08e09041348fe4b4b67bd59985598f1652f67df95f0618f5968
  languageName: node
  linkType: hard

"prettier@npm:^1.x.x":
  version: 1.19.1
  resolution: "prettier@npm:1.19.1"
  bin:
    prettier: ./bin-prettier.js
  checksum: bc78219e0f8173a808f4c6c8e0a137dd8ebd4fbe013e63fe1a37a82b48612f17b8ae8e18a992adf802ee2cf7428f14f084e7c2846ca5759cf4013c6e54810e1f
  languageName: node
  linkType: hard

"react-redux-template@workspace:.":
  version: 0.0.0-use.local
  resolution: "react-redux-template@workspace:."
  dependencies:
    "@upstatement/prettier-config": ^0.3.0
    node-notifier: ^8.0.1
    object-path: ^0.11.5
  languageName: unknown
  linkType: soft

"semver@npm:^7.3.2":
  version: 7.3.5
  resolution: "semver@npm:7.3.5"
  dependencies:
    lru-cache: ^6.0.0
  bin:
    semver: bin/semver.js
  checksum: 5eafe6102bea2a7439897c1856362e31cc348ccf96efd455c8b5bc2c61e6f7e7b8250dc26b8828c1d76a56f818a7ee907a36ae9fb37a599d3d24609207001d60
  languageName: node
  linkType: hard

"shellwords@npm:^0.1.1":
  version: 0.1.1
  resolution: "shellwords@npm:0.1.1"
  checksum: 8d73a5e9861f5e5f1068e2cfc39bc0002400fe58558ab5e5fa75630d2c3adf44ca1fac81957609c8320d5533e093802fcafc72904bf1a32b95de3c19a0b1c0d4
  languageName: node
  linkType: hard

"uuid@npm:^8.3.0":
  version: 8.3.2
  resolution: "uuid@npm:8.3.2"
  bin:
    uuid: dist/bin/uuid
  checksum: 5575a8a75c13120e2f10e6ddc801b2c7ed7d8f3c8ac22c7ed0c7b2ba6383ec0abda88c905085d630e251719e0777045ae3236f04c812184b7c765f63a70e58df
  languageName: node
  linkType: hard

"which@npm:^2.0.2":
  version: 2.0.2
  resolution: "which@npm:2.0.2"
  dependencies:
    isexe: ^2.0.0
  bin:
    node-which: ./bin/node-which
  checksum: 1a5c563d3c1b52d5f893c8b61afe11abc3bab4afac492e8da5bde69d550de701cf9806235f20a47b5c8fa8a1d6a9135841de2596535e998027a54589000e66d1
  languageName: node
  linkType: hard

"yallist@npm:^4.0.0":
  version: 4.0.0
  resolution: "yallist@npm:4.0.0"
  checksum: 343617202af32df2a15a3be36a5a8c0c8545208f3d3dfbc6bb7c3e3b7e8c6f8e7485432e4f3b88da3031a6e20afa7c711eded32ddfb122896ac5d914e75848d5
  languageName: node
  linkType: hard
